
Microsoft Visual Studio Solution File, Format Version 12.00
# Visual Studio Version 17
VisualStudioVersion = 17.13.35806.99 d17.13
MinimumVisualStudioVersion = 10.0.40219.1
Project("{FAE04EC0-301F-11D3-BF4B-00C04F79EFBC}") = "SpreadexDrawing", "SpreadexDrawing\SpreadexDrawing.csproj", "{A15264E0-F295-4CCF-822D-BB0EA1169379}"
EndProject
Project("{FAE04EC0-301F-11D3-BF4B-00C04F79EFBC}") = "SpreadexDrawing.Tests", "SpreadexDrawingTest\SpreadexDrawing.Tests.csproj", "{0C2DD026-857D-48A1-8C44-9CC2EDDC3007}"
EndProject
Global
	GlobalSection(SolutionConfigurationPlatforms) = preSolution
		Debug|Any CPU = Debug|Any CPU
		Release|Any CPU = Release|Any CPU
	EndGlobalSection
	GlobalSection(ProjectConfigurationPlatforms) = postSolution
		{A15264E0-F295-4CCF-822D-BB0EA1169379}.Debug|Any CPU.ActiveCfg = Debug|Any CPU
		{A15264E0-F295-4CCF-822D-BB0EA1169379}.Debug|Any CPU.Build.0 = Debug|Any CPU
		{A15264E0-F295-4CCF-822D-BB0EA1169379}.Release|Any CPU.ActiveCfg = Release|Any CPU
		{A15264E0-F295-4CCF-822D-BB0EA1169379}.Release|Any CPU.Build.0 = Release|Any CPU
		{0C2DD026-857D-48A1-8C44-9CC2EDDC3007}.Debug|Any CPU.ActiveCfg = Debug|Any CPU
		{0C2DD026-857D-48A1-8C44-9CC2EDDC3007}.Debug|Any CPU.Build.0 = Debug|Any CPU
		{0C2DD026-857D-48A1-8C44-9CC2EDDC3007}.Release|Any CPU.ActiveCfg = Release|Any CPU
		{0C2DD026-857D-48A1-8C44-9CC2EDDC3007}.Release|Any CPU.Build.0 = Release|Any CPU
	EndGlobalSection
	GlobalSection(SolutionProperties) = preSolution
		HideSolutionNode = FALSE
	EndGlobalSection
	GlobalSection(ExtensibilityGlobals) = postSolution
		SolutionGuid = {AE5ABA88-A861-4306-956F-2CD02E6E8887}
	EndGlobalSection
EndGlobal
